
Microsoft Visual Studio Solution File, Format Version 12.00
# Visual Studio Version 17
VisualStudioVersion = 17.0.31903.59
MinimumVisualStudioVersion = 10.0.40219.1
Project("{2150E333-8FDC-42A3-9474-1A3956D46DE8}") = "src", "src", "{FFEF6896-3457-4F57-8F0D-AE3936CDF1B3}"
EndProject
Project("{FAE04EC0-301F-11D3-BF4B-00C04F79EFBC}") = "Vendas.API", "src\Vendas.API\Vendas.API.csproj", "{740AE5A0-056F-49BF-BCB7-E19C8E860771}"
EndProject
Project("{2150E333-8FDC-42A3-9474-1A3956D46DE8}") = "tests", "tests", "{64FBB73D-A68B-473C-80CF-EC3F6A24D474}"
EndProject
Project("{FAE04EC0-301F-11D3-BF4B-00C04F79EFBC}") = "Vendas.API.Tests", "tests\Vendas.API.Tests\Vendas.API.Tests.csproj", "{9B5E4BEC-8820-4E4A-A469-BF5AE0B7CE73}"
EndProject
Project("{FAE04EC0-301F-11D3-BF4B-00C04F79EFBC}") = "Vendas.API.IntegrationTests", "tests\Vendas.API.IntegrationTests\Vendas.API.IntegrationTests.csproj", "{3F7334E8-D685-4C1A-BE3E-561B27219814}"
EndProject
Global
	GlobalSection(SolutionConfigurationPlatforms) = preSolution
		Debug|Any CPU = Debug|Any CPU
		Release|Any CPU = Release|Any CPU
	EndGlobalSection
	GlobalSection(SolutionProperties) = preSolution
		HideSolutionNode = FALSE
	EndGlobalSection
	GlobalSection(ProjectConfigurationPlatforms) = postSolution
		{740AE5A0-056F-49BF-BCB7-E19C8E860771}.Debug|Any CPU.ActiveCfg = Debug|Any CPU
		{740AE5A0-056F-49BF-BCB7-E19C8E860771}.Debug|Any CPU.Build.0 = Debug|Any CPU
		{740AE5A0-056F-49BF-BCB7-E19C8E860771}.Release|Any CPU.ActiveCfg = Release|Any CPU
		{740AE5A0-056F-49BF-BCB7-E19C8E860771}.Release|Any CPU.Build.0 = Release|Any CPU
		{9B5E4BEC-8820-4E4A-A469-BF5AE0B7CE73}.Debug|Any CPU.ActiveCfg = Debug|Any CPU
		{9B5E4BEC-8820-4E4A-A469-BF5AE0B7CE73}.Debug|Any CPU.Build.0 = Debug|Any CPU
		{9B5E4BEC-8820-4E4A-A469-BF5AE0B7CE73}.Release|Any CPU.ActiveCfg = Release|Any CPU
		{9B5E4BEC-8820-4E4A-A469-BF5AE0B7CE73}.Release|Any CPU.Build.0 = Release|Any CPU
		{3F7334E8-D685-4C1A-BE3E-561B27219814}.Debug|Any CPU.ActiveCfg = Debug|Any CPU
		{3F7334E8-D685-4C1A-BE3E-561B27219814}.Debug|Any CPU.Build.0 = Debug|Any CPU
		{3F7334E8-D685-4C1A-BE3E-561B27219814}.Release|Any CPU.ActiveCfg = Release|Any CPU
		{3F7334E8-D685-4C1A-BE3E-561B27219814}.Release|Any CPU.Build.0 = Release|Any CPU
	EndGlobalSection
	GlobalSection(NestedProjects) = preSolution
		{740AE5A0-056F-49BF-BCB7-E19C8E860771} = {FFEF6896-3457-4F57-8F0D-AE3936CDF1B3}
		{9B5E4BEC-8820-4E4A-A469-BF5AE0B7CE73} = {64FBB73D-A68B-473C-80CF-EC3F6A24D474}
		{3F7334E8-D685-4C1A-BE3E-561B27219814} = {64FBB73D-A68B-473C-80CF-EC3F6A24D474}
	EndGlobalSection
EndGlobal
